
Microsoft Visual Studio Solution File, Format Version 12.00
# Visual Studio Version 17
VisualStudioVersion = 17.11.35327.3
MinimumVisualStudioVersion = 10.0.40219.1
Project("{FAE04EC0-301F-11D3-BF4B-00C04F79EFBC}") = "Project", "Project\Project.csproj", "{2FA3A04F-BFB8-453B-AC07-80AFDD98487B}"
EndProject
Global
	GlobalSection(SolutionConfigurationPlatforms) = preSolution
		Debug|Any CPU = Debug|Any CPU
		Release|Any CPU = Release|Any CPU
	EndGlobalSection
	GlobalSection(ProjectConfigurationPlatforms) = postSolution
		{2FA3A04F-BFB8-453B-AC07-80AFDD98487B}.Debug|Any CPU.ActiveCfg = Debug|Any CPU
		{2FA3A04F-BFB8-453B-AC07-80AFDD98487B}.Debug|Any CPU.Build.0 = Debug|Any CPU
		{2FA3A04F-BFB8-453B-AC07-80AFDD98487B}.Release|Any CPU.ActiveCfg = Release|Any CPU
		{2FA3A04F-BFB8-453B-AC07-80AFDD98487B}.Release|Any CPU.Build.0 = Release|Any CPU
	EndGlobalSection
	GlobalSection(SolutionProperties) = preSolution
		HideSolutionNode = FALSE
	EndGlobalSection
	GlobalSection(ExtensibilityGlobals) = postSolution
		SolutionGuid = {5B705609-902B-4C7A-B5D1-DF87F45BE48C}
	EndGlobalSection
EndGlobal
